// !$*UTF8*$!
{
	archiveVersion = 1;
	classes = {
	};
	objectVersion = 48;
	objects = {

/* Begin PBXBuildFile section */
		B6255AC01F1CFEC500CCDA29 /* AppDelegate.swift in Sources */ = {isa = PBXBuildFile; fileRef = B6255ABF1F1CFEC500CCDA29 /* AppDelegate.swift */; };
		B6255AC21F1CFEC500CCDA29 /* ViewController.swift in Sources */ = {isa = PBXBuildFile; fileRef = B6255AC11F1CFEC500CCDA29 /* ViewController.swift */; };
		B6255AC51F1CFEC500CCDA29 /* Main.storyboard in Resources */ = {isa = PBXBuildFile; fileRef = B6255AC31F1CFEC500CCDA29 /* Main.storyboard */; };
		B6255AC71F1CFEC500CCDA29 /* Assets.xcassets in Resources */ = {isa = PBXBuildFile; fileRef = B6255AC61F1CFEC500CCDA29 /* Assets.xcassets */; };
		B6255ACA1F1CFEC500CCDA29 /* LaunchScreen.storyboard in Resources */ = {isa = PBXBuildFile; fileRef = B6255AC81F1CFEC500CCDA29 /* LaunchScreen.storyboard */; };
		B6255AD21F1CFED900CCDA29 /* Constants.swift in Sources */ = {isa = PBXBuildFile; fileRef = B6255AD11F1CFED900CCDA29 /* Constants.swift */; };
/* End PBXBuildFile section */

/* Begin PBXFileReference section */
		B6255ABC1F1CFEC500CCDA29 /* FlickFindr.app */ = {isa = PBXFileReference; explicitFileType = wrapper.application; includeInIndex = 0; path = FlickFindr.app; sourceTree = BUILT_PRODUCTS_DIR; };
		B6255ABF1F1CFEC500CCDA29 /* AppDelegate.swift */ = {isa = PBXFileReference; lastKnownFileType = sourcecode.swift; path = AppDelegate.swift; sourceTree = "<group>"; };
		B6255AC11F1CFEC500CCDA29 /* ViewController.swift */ = {isa = PBXFileReference; lastKnownFileType = sourcecode.swift; path = ViewController.swift; sourceTree = "<group>"; };
		B6255AC41F1CFEC500CCDA29 /* Base */ = {isa = PBXFileReference; lastKnownFileType = file.storyboard; name = Base; path = Base.lproj/Main.storyboard; sourceTree = "<group>"; };
		B6255AC61F1CFEC500CCDA29 /* Assets.xcassets */ = {isa = PBXFileReference; lastKnownFileType = folder.assetcatalog; path = Assets.xcassets; sourceTree = "<group>"; };
		B6255AC91F1CFEC500CCDA29 /* Base */ = {isa = PBXFileReference; lastKnownFileType = file.storyboard; name = Base; path = Base.lproj/LaunchScreen.storyboard; sourceTree = "<group>"; };
		B6255ACB1F1CFEC500CCDA29 /* Info.plist */ = {isa = PBXFileReference; lastKnownFileType = text.plist.xml; path = Info.plist; sourceTree = "<group>"; };
		B6255AD11F1CFED900CCDA29 /* Constants.swift */ = {isa = PBXFileReference; lastKnownFileType = sourcecode.swift; path = Constants.swift; sourceTree = "<group>"; };
/* End PBXFileReference section */

/* Begin PBXFrameworksBuildPhase section */
		B6255AB91F1CFEC500CCDA29 /* Frameworks */ = {
			isa = PBXFrameworksBuildPhase;
			buildActionMask = 2147483647;
			files = (
			);
			runOnlyForDeploymentPostprocessing = 0;
		};
/* End PBXFrameworksBuildPhase section */

/* Begin PBXGroup section */
		B6255AB31F1CFEC500CCDA29 = {
			isa = PBXGroup;
			children = (
				B6255ABE1F1CFEC500CCDA29 /* FlickFindr */,
				B6255ABD1F1CFEC500CCDA29 /* Products */,
			);
			sourceTree = "<group>";
		};
		B6255ABD1F1CFEC500CCDA29 /* Products */ = {
			isa = PBXGroup;
			children = (
				B6255ABC1F1CFEC500CCDA29 /* FlickFindr.app */,
			);
			name = Products;
			sourceTree = "<group>";
		};
		B6255ABE1F1CFEC500CCDA29 /* FlickFindr */ = {
			isa = PBXGroup;
			children = (
				B6255ABF1F1CFEC500CCDA29 /* AppDelegate.swift */,
				B6255AC11F1CFEC500CCDA29 /* ViewController.swift */,
				B6255AD11F1CFED900CCDA29 /* Constants.swift */,
				B6255AC31F1CFEC500CCDA29 /* Main.storyboard */,
				B6255AC61F1CFEC500CCDA29 /* Assets.xcassets */,
				B6255AC81F1CFEC500CCDA29 /* LaunchScreen.storyboard */,
				B6255ACB1F1CFEC500CCDA29 /* Info.plist */,
			);
			path = FlickFindr;
			sourceTree = "<group>";
		};
/* End PBXGroup section */

/* Begin PBXNativeTarget section */
		B6255ABB1F1CFEC500CCDA29 /* FlickFindr */ = {
			isa = PBXNativeTarget;
			buildConfigurationList = B6255ACE1F1CFEC500CCDA29 /* Build configuration list for PBXNativeTarget "FlickFindr" */;
			buildPhases = (
				B6255AB81F1CFEC500CCDA29 /* Sources */,
				B6255AB91F1CFEC500CCDA29 /* Frameworks */,
				B6255ABA1F1CFEC500CCDA29 /* Resources */,
			);
			buildRules = (
			);
			dependencies = (
			);
			name = FlickFindr;
			productName = FlickFindr;
			productReference = B6255ABC1F1CFEC500CCDA29 /* FlickFindr.app */;
			productType = "com.apple.product-type.application";
		};
/* End PBXNativeTarget section */

/* Begin PBXProject section */
		B6255AB41F1CFEC500CCDA29 /* Project object */ = {
			isa = PBXProject;
			attributes = {
				LastSwiftUpdateCheck = 0900;
				LastUpgradeCheck = 0900;
				ORGANIZATIONNAME = beau;
				TargetAttributes = {
					B6255ABB1F1CFEC500CCDA29 = {
						CreatedOnToolsVersion = 9.0;
					};
				};
			};
			buildConfigurationList = B6255AB71F1CFEC500CCDA29 /* Build configuration list for PBXProject "FlickFindr" */;
			compatibilityVersion = "Xcode 8.0";
			developmentRegion = en;
			hasScannedForEncodings = 0;
			knownRegions = (
				en,
				Base,
			);
			mainGroup = B6255AB31F1CFEC500CCDA29;
			productRefGroup = B6255ABD1F1CFEC500CCDA29 /* Products */;
			projectDirPath = "";
			projectRoot = "";
			targets = (
				B6255ABB1F1CFEC500CCDA29 /* FlickFindr */,
			);
		};
/* End PBXProject section */

/* Begin PBXResourcesBuildPhase section */
		B6255ABA1F1CFEC500CCDA29 /* Resources */ = {
			isa = PBXResourcesBuildPhase;
			buildActionMask = 2147483647;
			files = (
				B6255ACA1F1CFEC500CCDA29 /* LaunchScreen.storyboard in Resources */,
				B6255AC71F1CFEC500CCDA29 /* Assets.xcassets in Resources */,
				B6255AC51F1CFEC500CCDA29 /* Main.storyboard in Resources */,
			);
			runOnlyForDeploymentPostprocessing = 0;
		};
/* End PBXResourcesBuildPhase section */

/* Begin PBXSourcesBuildPhase section */
		B6255AB81F1CFEC500CCDA29 /* Sources */ = {
			isa = PBXSourcesBuildPhase;
			buildActionMask = 2147483647;
			files = (
				B6255AC21F1CFEC500CCDA29 /* ViewController.swift in Sources */,
				B6255AC01F1CFEC500CCDA29 /* AppDelegate.swift in Sources */,
				B6255AD21F1CFED900CCDA29 /* Constants.swift in Sources */,
			);
			runOnlyForDeploymentPostprocessing = 0;
		};
/* End PBXSourcesBuildPhase section */

/* Begin PBXVariantGroup section */
		B6255AC31F1CFEC500CCDA29 /* Main.storyboard */ = {
			isa = PBXVariantGroup;
			children = (
				B6255AC41F1CFEC500CCDA29 /* Base */,
			);
			name = Main.storyboard;
			sourceTree = "<group>";
		};
		B6255AC81F1CFEC500CCDA29 /* LaunchScreen.storyboard */ = {
			isa = PBXVariantGroup;
			children = (
				B6255AC91F1CFEC500CCDA29 /* Base */,
			);
			name = LaunchScreen.storyboard;
			sourceTree = "<group>";
		};
/* End PBXVariantGroup section */

/* Begin XCBuildConfiguration section */
		B6255ACC1F1CFEC500CCDA29 /* Debug */ = {
			isa = XCBuildConfiguration;
			buildSettings = {
				ALWAYS_SEARCH_USER_PATHS = NO;
				CLANG_ANALYZER_NONNULL = YES;
				CLANG_ANALYZER_NUMBER_OBJECT_CONVERSION = YES_AGGRESSIVE;
				CLANG_CXX_LANGUAGE_STANDARD = "gnu++14";
				CLANG_CXX_LIBRARY = "libc++";
				CLANG_ENABLE_MODULES = YES;
				CLANG_ENABLE_OBJC_ARC = YES;
				CLANG_WARN_BLOCK_CAPTURE_AUTORELEASING = YES;
				CLANG_WARN_BOOL_CONVERSION = YES;
				CLANG_WARN_COMMA = YES;
				CLANG_WARN_CONSTANT_CONVERSION = YES;
				CLANG_WARN_DIRECT_OBJC_ISA_USAGE = YES_ERROR;
				CLANG_WARN_DOCUMENTATION_COMMENTS = YES;
				CLANG_WARN_EMPTY_BODY = YES;
				CLANG_WARN_ENUM_CONVERSION = YES;
				CLANG_WARN_INFINITE_RECURSION = YES;
				CLANG_WARN_INT_CONVERSION = YES;
				CLANG_WARN_NON_LITERAL_NULL_CONVERSION = YES;
				CLANG_WARN_OBJC_LITERAL_CONVERSION = YES;
				CLANG_WARN_OBJC_ROOT_CLASS = YES_ERROR;
				CLANG_WARN_RANGE_LOOP_ANALYSIS = YES;
				CLANG_WARN_STRICT_PROTOTYPES = YES;
				CLANG_WARN_SUSPICIOUS_MOVE = YES;
				CLANG_WARN_UNGUARDED_AVAILABILITY = YES_AGGRESSIVE;
				CLANG_WARN_UNREACHABLE_CODE = YES;
				CLANG_WARN__DUPLICATE_METHOD_MATCH = YES;
				CODE_SIGN_IDENTITY = "iPhone Developer";
				COPY_PHASE_STRIP = NO;
				DEBUG_INFORMATION_FORMAT = dwarf;
				ENABLE_STRICT_OBJC_MSGSEND = YES;
				ENABLE_TESTABILITY = YES;
				GCC_C_LANGUAGE_STANDARD = gnu11;
				GCC_DYNAMIC_NO_PIC = NO;
				GCC_NO_COMMON_BLOCKS = YES;
				GCC_OPTIMIZATION_LEVEL = 0;
				GCC_PREPROCESSOR_DEFINITIONS = (
					"DEBUG=1",
					"$(inherited)",
				);
				GCC_WARN_64_TO_32_BIT_CONVERSION = YES;
				GCC_WARN_ABOUT_RETURN_TYPE = YES_ERROR;
				GCC_WARN_UNDECLARED_SELECTOR = YES;
				GCC_WARN_UNINITIALIZED_AUTOS = YES_AGGRESSIVE;
				GCC_WARN_UNUSED_FUNCTION = YES;
				GCC_WARN_UNUSED_VARIABLE = YES;
				IPHONEOS_DEPLOYMENT_TARGET = 11.0;
				MTL_ENABLE_DEBUG_INFO = YES;
				ONLY_ACTIVE_ARCH = YES;
				SDKROOT = iphoneos;
				SWIFT_ACTIVE_COMPILATION_CONDITIONS = DEBUG;
				SWIFT_OPTIMIZATION_LEVEL = "-Onone";
			};
			name = Debug;
		};
		B6255ACD1F1CFEC500CCDA29 /* Release */ = {
			isa = XCBuildConfiguration;
			buildSettings = {
				ALWAYS_SEARCH_USER_PATHS = NO;
				CLANG_ANALYZER_NONNULL = YES;
				CLANG_ANALYZER_NUMBER_OBJECT_CONVERSION = YES_AGGRESSIVE;
				CLANG_CXX_LANGUAGE_STANDARD = "gnu++14";
				CLANG_CXX_LIBRARY = "libc++";
				CLANG_ENABLE_MODULES = YES;
				CLANG_ENABLE_OBJC_ARC = YES;
				CLANG_WARN_BLOCK_CAPTURE_AUTORELEASING = YES;
				CLANG_WARN_BOOL_CONVERSION = YES;
				CLANG_WARN_COMMA = YES;
				CLANG_WARN_CONSTANT_CONVERSION = YES;
				CLANG_WARN_DIRECT_OBJC_ISA_USAGE = YES_ERROR;
				CLANG_WARN_DOCUMENTATION_COMMENTS = YES;
				CLANG_WARN_EMPTY_BODY = YES;
				CLANG_WARN_ENUM_CONVERSION = YES;
				CLANG_WARN_INFINITE_RECURSION = YES;
				CLANG_WARN_INT_CONVERSION = YES;
				CLANG_WARN_NON_LITERAL_NULL_CONVERSION = YES;
				CLANG_WARN_OBJC_LITERAL_CONVERSION = YES;
				CLANG_WARN_OBJC_ROOT_CLASS = YES_ERROR;
				CLANG_WARN_RANGE_LOOP_ANALYSIS = YES;
				CLANG_WARN_STRICT_PROTOTYPES = YES;
				CLANG_WARN_SUSPICIOUS_MOVE = YES;
				CLANG_WARN_UNGUARDED_AVAILABILITY = YES_AGGRESSIVE;
				CLANG_WARN_UNREACHABLE_CODE = YES;
				CLANG_WARN__DUPLICATE_METHOD_MATCH = YES;
				CODE_SIGN_IDENTITY = "iPhone Developer";
				COPY_PHASE_STRIP = NO;
				DEBUG_INFORMATION_FORMAT = "dwarf-with-dsym";
				ENABLE_NS_ASSERTIONS = NO;
				ENABLE_STRICT_OBJC_MSGSEND = YES;
				GCC_C_LANGUAGE_STANDARD = gnu11;
				GCC_NO_COMMON_BLOCKS = YES;
				GCC_WARN_64_TO_32_BIT_CONVERSION = YES;
				GCC_WARN_ABOUT_RETURN_TYPE = YES_ERROR;
				GCC_WARN_UNDECLARED_SELECTOR = YES;
				GCC_WARN_UNINITIALIZED_AUTOS = YES_AGGRESSIVE;
				GCC_WARN_UNUSED_FUNCTION = YES;
				GCC_WARN_UNUSED_VARIABLE = YES;
				IPHONEOS_DEPLOYMENT_TARGET = 11.0;
				MTL_ENABLE_DEBUG_INFO = NO;
				SDKROOT = iphoneos;
				SWIFT_OPTIMIZATION_LEVEL = "-Owholemodule";
				VALIDATE_PRODUCT = YES;
			};
			name = Release;
		};
		B6255ACF1F1CFEC500CCDA29 /* Debug */ = {
			isa = XCBuildConfiguration;
			buildSettings = {
				ASSETCATALOG_COMPILER_APPICON_NAME = AppIcon;
				DEVELOPMENT_TEAM = E32PX5G627;
				INFOPLIST_FILE = FlickFindr/Info.plist;
				LD_RUNPATH_SEARCH_PATHS = "$(inherited) @executable_path/Frameworks";
				PRODUCT_BUNDLE_IDENTIFIER = com.beaugalbraith.FlickFindr;
				PRODUCT_NAME = "$(TARGET_NAME)";
				SWIFT_VERSION = 4.0;
				TARGETED_DEVICE_FAMILY = "1,2";
			};
			name = Debug;
		};
		B6255AD01F1CFEC500CCDA29 /* Release */ = {
			isa = XCBuildConfiguration;
			buildSettings = {
				ASSETCATALOG_COMPILER_APPICON_NAME = AppIcon;
				DEVELOPMENT_TEAM = E32PX5G627;
				INFOPLIST_FILE = FlickFindr/Info.plist;
				LD_RUNPATH_SEARCH_PATHS = "$(inherited) @executable_path/Frameworks";
				PRODUCT_BUNDLE_IDENTIFIER = com.beaugalbraith.FlickFindr;
				PRODUCT_NAME = "$(TARGET_NAME)";
				SWIFT_VERSION = 4.0;
				TARGETED_DEVICE_FAMILY = "1,2";
			};
			name = Release;
		};
/* End XCBuildConfiguration section */

/* Begin XCConfigurationList section */
		B6255AB71F1CFEC500CCDA29 /* Build configuration list for PBXProject "FlickFindr" */ = {
			isa = XCConfigurationList;
			buildConfigurations = (
				B6255ACC1F1CFEC500CCDA29 /* Debug */,
				B6255ACD1F1CFEC500CCDA29 /* Release */,
			);
			defaultConfigurationIsVisible = 0;
			defaultConfigurationName = Release;
		};
		B6255ACE1F1CFEC500CCDA29 /* Build configuration list for PBXNativeTarget "FlickFindr" */ = {
			isa = XCConfigurationList;
			buildConfigurations = (
				B6255ACF1F1CFEC500CCDA29 /* Debug */,
				B6255AD01F1CFEC500CCDA29 /* Release */,
			);
			defaultConfigurationIsVisible = 0;
		};
/* End XCConfigurationList section */
	};
	rootObject = B6255AB41F1CFEC500CCDA29 /* Project object */;
}
